{
  "name": "pickup-points-olza",
  "version": "1.0.0",
  "lockfileVersion": 3,
  "requires": true,
  "packages": {
    "": {
      "name": "pickup-points-olza",
      "version": "1.0.0",
      "license": "ISC",
      "dependencies": {
        "develart-olzalogistic-pickup-points-widget": "^1.8.19"
      }
    },
    "node_modules/develart-olzalogistic-pickup-points-widget": {
      "version": "1.8.19",
      "resolved": "https://registry.npmjs.org/develart-olzalogistic-pickup-points-widget/-/develart-olzalogistic-pickup-points-widget-1.8.19.tgz",
      "integrity": "sha512-Ig3VKte+7XNkqPgy90jSnHjY8z4ZTvUKVVI792X1LCwK0j+l+BUh0zh63VhCGDte7CsyqVSVLQ8FFVCS48lbQw==",
      "license": "MIT"
    }
  }
}
